
Microsoft Visual Studio Solution File, Format Version 12.00
# Visual Studio Version 17
VisualStudioVersion = 17.11.35312.102
MinimumVisualStudioVersion = 10.0.40219.1
Project("{FAE04EC0-301F-11D3-BF4B-00C04F79EFBC}") = "Module7.Classes.Task7.Model", "Module7.Classes.Task7.Model.csproj", "{574E82B0-F1CF-42D1-BC6B-0D8E08B47E7A}"
EndProject
Global
	GlobalSection(SolutionConfigurationPlatforms) = preSolution
		Debug|Any CPU = Debug|Any CPU
		Release|Any CPU = Release|Any CPU
	EndGlobalSection
	GlobalSection(ProjectConfigurationPlatforms) = postSolution
		{574E82B0-F1CF-42D1-BC6B-0D8E08B47E7A}.Debug|Any CPU.ActiveCfg = Debug|Any CPU
		{574E82B0-F1CF-42D1-BC6B-0D8E08B47E7A}.Debug|Any CPU.Build.0 = Debug|Any CPU
		{574E82B0-F1CF-42D1-BC6B-0D8E08B47E7A}.Release|Any CPU.ActiveCfg = Release|Any CPU
		{574E82B0-F1CF-42D1-BC6B-0D8E08B47E7A}.Release|Any CPU.Build.0 = Release|Any CPU
	EndGlobalSection
	GlobalSection(SolutionProperties) = preSolution
		HideSolutionNode = FALSE
	EndGlobalSection
	GlobalSection(ExtensibilityGlobals) = postSolution
		SolutionGuid = {7B6B89F6-F05B-442C-B1E4-80276E2F2F66}
	EndGlobalSection
EndGlobal
